// !$*UTF8*$!
{
	archiveVersion = 1;
	classes = {
	};
	objectVersion = 60;
	objects = {

/* Begin PBXBuildFile section */
		7E7EF0AB2BD4FED7001CF63D /* SharedTracerTool.swift in Sources */ = {isa = PBXBuildFile; fileRef = 7E7EF0AA2BD4FED7001CF63D /* SharedTracerTool.swift */; };
		7EA814D02C16F289003AA860 /* TraceNextViewController.swift in Sources */ = {isa = PBXBuildFile; fileRef = 7EA814CF2C16F289003AA860 /* TraceNextViewController.swift */; };
		7EE34D8A2B9C4FA700513841 /* AppDelegate.swift in Sources */ = {isa = PBXBuildFile; fileRef = 7EE34D892B9C4FA700513841 /* AppDelegate.swift */; };
		7EE34D8C2B9C4FA700513841 /* SceneDelegate.swift in Sources */ = {isa = PBXBuildFile; fileRef = 7EE34D8B2B9C4FA700513841 /* SceneDelegate.swift */; };
		7EE34D912B9C4FA700513841 /* Main.storyboard in Resources */ = {isa = PBXBuildFile; fileRef = 7EE34D8F2B9C4FA700513841 /* Main.storyboard */; };
		7EE34D932B9C4FA900513841 /* Assets.xcassets in Resources */ = {isa = PBXBuildFile; fileRef = 7EE34D922B9C4FA900513841 /* Assets.xcassets */; };
		7EE34D962B9C4FA900513841 /* LaunchScreen.storyboard in Resources */ = {isa = PBXBuildFile; fileRef = 7EE34D942B9C4FA900513841 /* LaunchScreen.storyboard */; };
		7EE34D9F2B9C50A300513841 /* ObservatoryPackage in Frameworks */ = {isa = PBXBuildFile; productRef = 7EE34D9E2B9C50A300513841 /* ObservatoryPackage */; };
		7EE34DA42B9C50FB00513841 /* TracingDemoViewController.swift in Sources */ = {isa = PBXBuildFile; fileRef = 7EE34DA02B9C50FB00513841 /* TracingDemoViewController.swift */; };
		7EE34DA52B9C50FB00513841 /* DemoResource.swift in Sources */ = {isa = PBXBuildFile; fileRef = 7EE34DA12B9C50FB00513841 /* DemoResource.swift */; };
		7EE34DA72B9C50FB00513841 /* LogSendViewController.swift in Sources */ = {isa = PBXBuildFile; fileRef = 7EE34DA32B9C50FB00513841 /* LogSendViewController.swift */; };
		7EE34DA92B9C515C00513841 /* ViewController.swift in Sources */ = {isa = PBXBuildFile; fileRef = 7EE34DA82B9C515C00513841 /* ViewController.swift */; };
/* End PBXBuildFile section */

/* Begin PBXFileReference section */
		7E7EF0AA2BD4FED7001CF63D /* SharedTracerTool.swift */ = {isa = PBXFileReference; lastKnownFileType = sourcecode.swift; path = SharedTracerTool.swift; sourceTree = "<group>"; };
		7EA814CF2C16F289003AA860 /* TraceNextViewController.swift */ = {isa = PBXFileReference; lastKnownFileType = sourcecode.swift; path = TraceNextViewController.swift; sourceTree = "<group>"; };
		7EE34D862B9C4FA700513841 /* ObservatorySPMExample.app */ = {isa = PBXFileReference; explicitFileType = wrapper.application; includeInIndex = 0; path = ObservatorySPMExample.app; sourceTree = BUILT_PRODUCTS_DIR; };
		7EE34D892B9C4FA700513841 /* AppDelegate.swift */ = {isa = PBXFileReference; lastKnownFileType = sourcecode.swift; path = AppDelegate.swift; sourceTree = "<group>"; };
		7EE34D8B2B9C4FA700513841 /* SceneDelegate.swift */ = {isa = PBXFileReference; lastKnownFileType = sourcecode.swift; path = SceneDelegate.swift; sourceTree = "<group>"; };
		7EE34D902B9C4FA700513841 /* Base */ = {isa = PBXFileReference; lastKnownFileType = file.storyboard; name = Base; path = Base.lproj/Main.storyboard; sourceTree = "<group>"; };
		7EE34D922B9C4FA900513841 /* Assets.xcassets */ = {isa = PBXFileReference; lastKnownFileType = folder.assetcatalog; path = Assets.xcassets; sourceTree = "<group>"; };
		7EE34D952B9C4FA900513841 /* Base */ = {isa = PBXFileReference; lastKnownFileType = file.storyboard; name = Base; path = Base.lproj/LaunchScreen.storyboard; sourceTree = "<group>"; };
		7EE34D972B9C4FA900513841 /* Info.plist */ = {isa = PBXFileReference; lastKnownFileType = text.plist.xml; path = Info.plist; sourceTree = "<group>"; };
		7EE34DA02B9C50FB00513841 /* TracingDemoViewController.swift */ = {isa = PBXFileReference; fileEncoding = 4; lastKnownFileType = sourcecode.swift; path = TracingDemoViewController.swift; sourceTree = "<group>"; };
		7EE34DA12B9C50FB00513841 /* DemoResource.swift */ = {isa = PBXFileReference; fileEncoding = 4; lastKnownFileType = sourcecode.swift; path = DemoResource.swift; sourceTree = "<group>"; };
		7EE34DA32B9C50FB00513841 /* LogSendViewController.swift */ = {isa = PBXFileReference; fileEncoding = 4; lastKnownFileType = sourcecode.swift; path = LogSendViewController.swift; sourceTree = "<group>"; };
		7EE34DA82B9C515C00513841 /* ViewController.swift */ = {isa = PBXFileReference; fileEncoding = 4; lastKnownFileType = sourcecode.swift; path = ViewController.swift; sourceTree = "<group>"; };
/* End PBXFileReference section */

/* Begin PBXFrameworksBuildPhase section */
		7EE34D832B9C4FA700513841 /* Frameworks */ = {
			isa = PBXFrameworksBuildPhase;
			buildActionMask = 2147483647;
			files = (
				7EE34D9F2B9C50A300513841 /* ObservatoryPackage in Frameworks */,
			);
			runOnlyForDeploymentPostprocessing = 0;
		};
/* End PBXFrameworksBuildPhase section */

/* Begin PBXGroup section */
		7EE34D7D2B9C4FA700513841 = {
			isa = PBXGroup;
			children = (
				7EE34D882B9C4FA700513841 /* ObservatorySPMExample */,
				7EE34D872B9C4FA700513841 /* Products */,
			);
			sourceTree = "<group>";
		};
		7EE34D872B9C4FA700513841 /* Products */ = {
			isa = PBXGroup;
			children = (
				7EE34D862B9C4FA700513841 /* ObservatorySPMExample.app */,
			);
			name = Products;
			sourceTree = "<group>";
		};
		7EE34D882B9C4FA700513841 /* ObservatorySPMExample */ = {
			isa = PBXGroup;
			children = (
				7EE34D892B9C4FA700513841 /* AppDelegate.swift */,
				7EE34D8B2B9C4FA700513841 /* SceneDelegate.swift */,
				7EE34DA12B9C50FB00513841 /* DemoResource.swift */,
				7EE34DA82B9C515C00513841 /* ViewController.swift */,
				7EE34DA32B9C50FB00513841 /* LogSendViewController.swift */,
				7EE34DA02B9C50FB00513841 /* TracingDemoViewController.swift */,
				7EA814CF2C16F289003AA860 /* TraceNextViewController.swift */,
				7E7EF0AA2BD4FED7001CF63D /* SharedTracerTool.swift */,
				7EE34D8F2B9C4FA700513841 /* Main.storyboard */,
				7EE34D922B9C4FA900513841 /* Assets.xcassets */,
				7EE34D942B9C4FA900513841 /* LaunchScreen.storyboard */,
				7EE34D972B9C4FA900513841 /* Info.plist */,
			);
			path = ObservatorySPMExample;
			sourceTree = "<group>";
		};
/* End PBXGroup section */

/* Begin PBXNativeTarget section */
		7EE34D852B9C4FA700513841 /* ObservatorySPMExample */ = {
			isa = PBXNativeTarget;
			buildConfigurationList = 7EE34D9A2B9C4FA900513841 /* Build configuration list for PBXNativeTarget "ObservatorySPMExample" */;
			buildPhases = (
				7EE34D822B9C4FA700513841 /* Sources */,
				7EE34D832B9C4FA700513841 /* Frameworks */,
				7EE34D842B9C4FA700513841 /* Resources */,
			);
			buildRules = (
			);
			dependencies = (
			);
			name = ObservatorySPMExample;
			packageProductDependencies = (
				7EE34D9E2B9C50A300513841 /* ObservatoryPackage */,
			);
			productName = ObservatorySPMExample;
			productReference = 7EE34D862B9C4FA700513841 /* ObservatorySPMExample.app */;
			productType = "com.apple.product-type.application";
		};
/* End PBXNativeTarget section */

/* Begin PBXProject section */
		7EE34D7E2B9C4FA700513841 /* Project object */ = {
			isa = PBXProject;
			attributes = {
				BuildIndependentTargetsInParallel = 1;
				LastSwiftUpdateCheck = 1500;
				LastUpgradeCheck = 1500;
				TargetAttributes = {
					7EE34D852B9C4FA700513841 = {
						CreatedOnToolsVersion = 15.0;
					};
				};
			};
			buildConfigurationList = 7EE34D812B9C4FA700513841 /* Build configuration list for PBXProject "ObservatorySPMExample" */;
			compatibilityVersion = "Xcode 14.0";
			developmentRegion = en;
			hasScannedForEncodings = 0;
			knownRegions = (
				en,
				Base,
			);
			mainGroup = 7EE34D7D2B9C4FA700513841;
			packageReferences = (
				7EE34D9D2B9C50A300513841 /* XCLocalSwiftPackageReference ".." */,
			);
			productRefGroup = 7EE34D872B9C4FA700513841 /* Products */;
			projectDirPath = "";
			projectRoot = "";
			targets = (
				7EE34D852B9C4FA700513841 /* ObservatorySPMExample */,
			);
		};
/* End PBXProject section */

/* Begin PBXResourcesBuildPhase section */
		7EE34D842B9C4FA700513841 /* Resources */ = {
			isa = PBXResourcesBuildPhase;
			buildActionMask = 2147483647;
			files = (
				7EE34D962B9C4FA900513841 /* LaunchScreen.storyboard in Resources */,
				7EE34D932B9C4FA900513841 /* Assets.xcassets in Resources */,
				7EE34D912B9C4FA700513841 /* Main.storyboard in Resources */,
			);
			runOnlyForDeploymentPostprocessing = 0;
		};
/* End PBXResourcesBuildPhase section */

/* Begin PBXSourcesBuildPhase section */
		7EE34D822B9C4FA700513841 /* Sources */ = {
			isa = PBXSourcesBuildPhase;
			buildActionMask = 2147483647;
			files = (
				7EE34DA72B9C50FB00513841 /* LogSendViewController.swift in Sources */,
				7EE34D8A2B9C4FA700513841 /* AppDelegate.swift in Sources */,
				7EE34DA42B9C50FB00513841 /* TracingDemoViewController.swift in Sources */,
				7E7EF0AB2BD4FED7001CF63D /* SharedTracerTool.swift in Sources */,
				7EE34DA92B9C515C00513841 /* ViewController.swift in Sources */,
				7EE34D8C2B9C4FA700513841 /* SceneDelegate.swift in Sources */,
				7EA814D02C16F289003AA860 /* TraceNextViewController.swift in Sources */,
				7EE34DA52B9C50FB00513841 /* DemoResource.swift in Sources */,
			);
			runOnlyForDeploymentPostprocessing = 0;
		};
/* End PBXSourcesBuildPhase section */

/* Begin PBXVariantGroup section */
		7EE34D8F2B9C4FA700513841 /* Main.storyboard */ = {
			isa = PBXVariantGroup;
			children = (
				7EE34D902B9C4FA700513841 /* Base */,
			);
			name = Main.storyboard;
			sourceTree = "<group>";
		};
		7EE34D942B9C4FA900513841 /* LaunchScreen.storyboard */ = {
			isa = PBXVariantGroup;
			children = (
				7EE34D952B9C4FA900513841 /* Base */,
			);
			name = LaunchScreen.storyboard;
			sourceTree = "<group>";
		};
/* End PBXVariantGroup section */

/* Begin XCBuildConfiguration section */
		7EE34D982B9C4FA900513841 /* Debug */ = {
			isa = XCBuildConfiguration;
			buildSettings = {
				ALWAYS_SEARCH_USER_PATHS = NO;
				ASSETCATALOG_COMPILER_GENERATE_SWIFT_ASSET_SYMBOL_EXTENSIONS = YES;
				CLANG_ANALYZER_NONNULL = YES;
				CLANG_ANALYZER_NUMBER_OBJECT_CONVERSION = YES_AGGRESSIVE;
				CLANG_CXX_LANGUAGE_STANDARD = "gnu++20";
				CLANG_ENABLE_MODULES = YES;
				CLANG_ENABLE_OBJC_ARC = YES;
				CLANG_ENABLE_OBJC_WEAK = YES;
				CLANG_WARN_BLOCK_CAPTURE_AUTORELEASING = YES;
				CLANG_WARN_BOOL_CONVERSION = YES;
				CLANG_WARN_COMMA = YES;
				CLANG_WARN_CONSTANT_CONVERSION = YES;
				CLANG_WARN_DEPRECATED_OBJC_IMPLEMENTATIONS = YES;
				CLANG_WARN_DIRECT_OBJC_ISA_USAGE = YES_ERROR;
				CLANG_WARN_DOCUMENTATION_COMMENTS = YES;
				CLANG_WARN_EMPTY_BODY = YES;
				CLANG_WARN_ENUM_CONVERSION = YES;
				CLANG_WARN_INFINITE_RECURSION = YES;
				CLANG_WARN_INT_CONVERSION = YES;
				CLANG_WARN_NON_LITERAL_NULL_CONVERSION = YES;
				CLANG_WARN_OBJC_IMPLICIT_RETAIN_SELF = YES;
				CLANG_WARN_OBJC_LITERAL_CONVERSION = YES;
				CLANG_WARN_OBJC_ROOT_CLASS = YES_ERROR;
				CLANG_WARN_QUOTED_INCLUDE_IN_FRAMEWORK_HEADER = YES;
				CLANG_WARN_RANGE_LOOP_ANALYSIS = YES;
				CLANG_WARN_STRICT_PROTOTYPES = YES;
				CLANG_WARN_SUSPICIOUS_MOVE = YES;
				CLANG_WARN_UNGUARDED_AVAILABILITY = YES_AGGRESSIVE;
				CLANG_WARN_UNREACHABLE_CODE = YES;
				CLANG_WARN__DUPLICATE_METHOD_MATCH = YES;
				COPY_PHASE_STRIP = NO;
				DEBUG_INFORMATION_FORMAT = dwarf;
				ENABLE_STRICT_OBJC_MSGSEND = YES;
				ENABLE_TESTABILITY = YES;
				ENABLE_USER_SCRIPT_SANDBOXING = YES;
				GCC_C_LANGUAGE_STANDARD = gnu17;
				GCC_DYNAMIC_NO_PIC = NO;
				GCC_NO_COMMON_BLOCKS = YES;
				GCC_OPTIMIZATION_LEVEL = 0;
				GCC_PREPROCESSOR_DEFINITIONS = (
					"DEBUG=1",
					"$(inherited)",
				);
				GCC_WARN_64_TO_32_BIT_CONVERSION = YES;
				GCC_WARN_ABOUT_RETURN_TYPE = YES_ERROR;
				GCC_WARN_UNDECLARED_SELECTOR = YES;
				GCC_WARN_UNINITIALIZED_AUTOS = YES_AGGRESSIVE;
				GCC_WARN_UNUSED_FUNCTION = YES;
				GCC_WARN_UNUSED_VARIABLE = YES;
				IPHONEOS_DEPLOYMENT_TARGET = 17.0;
				LOCALIZATION_PREFERS_STRING_CATALOGS = YES;
				MTL_ENABLE_DEBUG_INFO = INCLUDE_SOURCE;
				MTL_FAST_MATH = YES;
				ONLY_ACTIVE_ARCH = YES;
				SDKROOT = iphoneos;
				SWIFT_ACTIVE_COMPILATION_CONDITIONS = "DEBUG $(inherited)";
				SWIFT_OPTIMIZATION_LEVEL = "-Onone";
			};
			name = Debug;
		};
		7EE34D992B9C4FA900513841 /* Release */ = {
			isa = XCBuildConfiguration;
			buildSettings = {
				ALWAYS_SEARCH_USER_PATHS = NO;
				ASSETCATALOG_COMPILER_GENERATE_SWIFT_ASSET_SYMBOL_EXTENSIONS = YES;
				CLANG_ANALYZER_NONNULL = YES;
				CLANG_ANALYZER_NUMBER_OBJECT_CONVERSION = YES_AGGRESSIVE;
				CLANG_CXX_LANGUAGE_STANDARD = "gnu++20";
				CLANG_ENABLE_MODULES = YES;
				CLANG_ENABLE_OBJC_ARC = YES;
				CLANG_ENABLE_OBJC_WEAK = YES;
				CLANG_WARN_BLOCK_CAPTURE_AUTORELEASING = YES;
				CLANG_WARN_BOOL_CONVERSION = YES;
				CLANG_WARN_COMMA = YES;
				CLANG_WARN_CONSTANT_CONVERSION = YES;
				CLANG_WARN_DEPRECATED_OBJC_IMPLEMENTATIONS = YES;
				CLANG_WARN_DIRECT_OBJC_ISA_USAGE = YES_ERROR;
				CLANG_WARN_DOCUMENTATION_COMMENTS = YES;
				CLANG_WARN_EMPTY_BODY = YES;
				CLANG_WARN_ENUM_CONVERSION = YES;
				CLANG_WARN_INFINITE_RECURSION = YES;
				CLANG_WARN_INT_CONVERSION = YES;
				CLANG_WARN_NON_LITERAL_NULL_CONVERSION = YES;
				CLANG_WARN_OBJC_IMPLICIT_RETAIN_SELF = YES;
				CLANG_WARN_OBJC_LITERAL_CONVERSION = YES;
				CLANG_WARN_OBJC_ROOT_CLASS = YES_ERROR;
				CLANG_WARN_QUOTED_INCLUDE_IN_FRAMEWORK_HEADER = YES;
				CLANG_WARN_RANGE_LOOP_ANALYSIS = YES;
				CLANG_WARN_STRICT_PROTOTYPES = YES;
				CLANG_WARN_SUSPICIOUS_MOVE = YES;
				CLANG_WARN_UNGUARDED_AVAILABILITY = YES_AGGRESSIVE;
				CLANG_WARN_UNREACHABLE_CODE = YES;
				CLANG_WARN__DUPLICATE_METHOD_MATCH = YES;
				COPY_PHASE_STRIP = NO;
				DEBUG_INFORMATION_FORMAT = "dwarf-with-dsym";
				ENABLE_NS_ASSERTIONS = NO;
				ENABLE_STRICT_OBJC_MSGSEND = YES;
				ENABLE_USER_SCRIPT_SANDBOXING = YES;
				GCC_C_LANGUAGE_STANDARD = gnu17;
				GCC_NO_COMMON_BLOCKS = YES;
				GCC_WARN_64_TO_32_BIT_CONVERSION = YES;
				GCC_WARN_ABOUT_RETURN_TYPE = YES_ERROR;
				GCC_WARN_UNDECLARED_SELECTOR = YES;
				GCC_WARN_UNINITIALIZED_AUTOS = YES_AGGRESSIVE;
				GCC_WARN_UNUSED_FUNCTION = YES;
				GCC_WARN_UNUSED_VARIABLE = YES;
				IPHONEOS_DEPLOYMENT_TARGET = 17.0;
				LOCALIZATION_PREFERS_STRING_CATALOGS = YES;
				MTL_ENABLE_DEBUG_INFO = NO;
				MTL_FAST_MATH = YES;
				SDKROOT = iphoneos;
				SWIFT_COMPILATION_MODE = wholemodule;
				VALIDATE_PRODUCT = YES;
			};
			name = Release;
		};
		7EE34D9B2B9C4FA900513841 /* Debug */ = {
			isa = XCBuildConfiguration;
			buildSettings = {
				ASSETCATALOG_COMPILER_APPICON_NAME = AppIcon;
				ASSETCATALOG_COMPILER_GLOBAL_ACCENT_COLOR_NAME = AccentColor;
				CODE_SIGN_STYLE = Manual;
				CURRENT_PROJECT_VERSION = 1;
				DEVELOPMENT_TEAM = "";
				GENERATE_INFOPLIST_FILE = YES;
				INFOPLIST_FILE = ObservatorySPMExample/Info.plist;
				INFOPLIST_KEY_UIApplicationSupportsIndirectInputEvents = YES;
				INFOPLIST_KEY_UILaunchStoryboardName = LaunchScreen;
				INFOPLIST_KEY_UIMainStoryboardFile = Main;
				INFOPLIST_KEY_UISupportedInterfaceOrientations_iPad = "UIInterfaceOrientationPortrait UIInterfaceOrientationPortraitUpsideDown UIInterfaceOrientationLandscapeLeft UIInterfaceOrientationLandscapeRight";
				INFOPLIST_KEY_UISupportedInterfaceOrientations_iPhone = "UIInterfaceOrientationPortrait UIInterfaceOrientationLandscapeLeft UIInterfaceOrientationLandscapeRight";
				LD_RUNPATH_SEARCH_PATHS = (
					"$(inherited)",
					"@executable_path/Frameworks",
				);
				MARKETING_VERSION = 1.0;
				PRODUCT_BUNDLE_IDENTIFIER = com.Observatory.SPMExample.ObservatorySPMExample;
				PRODUCT_NAME = "$(TARGET_NAME)";
				PROVISIONING_PROFILE_SPECIFIER = "";
				SWIFT_EMIT_LOC_STRINGS = YES;
				SWIFT_VERSION = 5.0;
				TARGETED_DEVICE_FAMILY = "1,2";
			};
			name = Debug;
		};
		7EE34D9C2B9C4FA900513841 /* Release */ = {
			isa = XCBuildConfiguration;
			buildSettings = {
				ASSETCATALOG_COMPILER_APPICON_NAME = AppIcon;
				ASSETCATALOG_COMPILER_GLOBAL_ACCENT_COLOR_NAME = AccentColor;
				CODE_SIGN_STYLE = Manual;
				CURRENT_PROJECT_VERSION = 1;
				DEVELOPMENT_TEAM = "";
				GENERATE_INFOPLIST_FILE = YES;
				INFOPLIST_FILE = ObservatorySPMExample/Info.plist;
				INFOPLIST_KEY_UIApplicationSupportsIndirectInputEvents = YES;
				INFOPLIST_KEY_UILaunchStoryboardName = LaunchScreen;
				INFOPLIST_KEY_UIMainStoryboardFile = Main;
				INFOPLIST_KEY_UISupportedInterfaceOrientations_iPad = "UIInterfaceOrientationPortrait UIInterfaceOrientationPortraitUpsideDown UIInterfaceOrientationLandscapeLeft UIInterfaceOrientationLandscapeRight";
				INFOPLIST_KEY_UISupportedInterfaceOrientations_iPhone = "UIInterfaceOrientationPortrait UIInterfaceOrientationLandscapeLeft UIInterfaceOrientationLandscapeRight";
				LD_RUNPATH_SEARCH_PATHS = (
					"$(inherited)",
					"@executable_path/Frameworks",
				);
				MARKETING_VERSION = 1.0;
				PRODUCT_BUNDLE_IDENTIFIER = com.Observatory.SPMExample.ObservatorySPMExample;
				PRODUCT_NAME = "$(TARGET_NAME)";
				PROVISIONING_PROFILE_SPECIFIER = "";
				SWIFT_EMIT_LOC_STRINGS = YES;
				SWIFT_VERSION = 5.0;
				TARGETED_DEVICE_FAMILY = "1,2";
			};
			name = Release;
		};
/* End XCBuildConfiguration section */

/* Begin XCConfigurationList section */
		7EE34D812B9C4FA700513841 /* Build configuration list for PBXProject "ObservatorySPMExample" */ = {
			isa = XCConfigurationList;
			buildConfigurations = (
				7EE34D982B9C4FA900513841 /* Debug */,
				7EE34D992B9C4FA900513841 /* Release */,
			);
			defaultConfigurationIsVisible = 0;
			defaultConfigurationName = Release;
		};
		7EE34D9A2B9C4FA900513841 /* Build configuration list for PBXNativeTarget "ObservatorySPMExample" */ = {
			isa = XCConfigurationList;
			buildConfigurations = (
				7EE34D9B2B9C4FA900513841 /* Debug */,
				7EE34D9C2B9C4FA900513841 /* Release */,
			);
			defaultConfigurationIsVisible = 0;
			defaultConfigurationName = Release;
		};
/* End XCConfigurationList section */

/* Begin XCLocalSwiftPackageReference section */
		7EE34D9D2B9C50A300513841 /* XCLocalSwiftPackageReference ".." */ = {
			isa = XCLocalSwiftPackageReference;
			relativePath = ..;
		};
/* End XCLocalSwiftPackageReference section */

/* Begin XCSwiftPackageProductDependency section */
		7EE34D9E2B9C50A300513841 /* ObservatoryPackage */ = {
			isa = XCSwiftPackageProductDependency;
			productName = ObservatoryPackage;
		};
/* End XCSwiftPackageProductDependency section */
	};
	rootObject = 7EE34D7E2B9C4FA700513841 /* Project object */;
}
